
Microsoft Visual Studio Solution File, Format Version 11.00
# Visual Studio 2010
Project("{FAE04EC0-301F-11D3-BF4B-00C04F79EFBC}") = "LoopsInJavascript", "LoopsInJavascript\LoopsInJavascript.csproj", "{1CA96264-A855-4127-BCC7-2184B59BC588}"
EndProject
Global
	GlobalSection(SolutionConfigurationPlatforms) = preSolution
		Debug|Any CPU = Debug|Any CPU
		Release|Any CPU = Release|Any CPU
	EndGlobalSection
	GlobalSection(ProjectConfigurationPlatforms) = postSolution
		{1CA96264-A855-4127-BCC7-2184B59BC588}.Debug|Any CPU.ActiveCfg = Debug|Any CPU
		{1CA96264-A855-4127-BCC7-2184B59BC588}.Debug|Any CPU.Build.0 = Debug|Any CPU
		{1CA96264-A855-4127-BCC7-2184B59BC588}.Release|Any CPU.ActiveCfg = Release|Any CPU
		{1CA96264-A855-4127-BCC7-2184B59BC588}.Release|Any CPU.Build.0 = Release|Any CPU
	EndGlobalSection
	GlobalSection(SolutionProperties) = preSolution
		HideSolutionNode = FALSE
	EndGlobalSection
EndGlobal
