
Microsoft Visual Studio Solution File, Format Version 12.00
# Visual Studio 15
VisualStudioVersion = 15.0.27703.2042
MinimumVisualStudioVersion = 10.0.40219.1
Project("{FAE04EC0-301F-11D3-BF4B-00C04F79EFBC}") = "JavaScriptInRazorView", "JavaScriptInRazorView\JavaScriptInRazorView.csproj", "{634A7505-676B-45FF-8776-91B15FC71756}"
EndProject
Global
	GlobalSection(SolutionConfigurationPlatforms) = preSolution
		Debug|Any CPU = Debug|Any CPU
		Release|Any CPU = Release|Any CPU
	EndGlobalSection
	GlobalSection(ProjectConfigurationPlatforms) = postSolution
		{634A7505-676B-45FF-8776-91B15FC71756}.Debug|Any CPU.ActiveCfg = Debug|Any CPU
		{634A7505-676B-45FF-8776-91B15FC71756}.Debug|Any CPU.Build.0 = Debug|Any CPU
		{634A7505-676B-45FF-8776-91B15FC71756}.Release|Any CPU.ActiveCfg = Release|Any CPU
		{634A7505-676B-45FF-8776-91B15FC71756}.Release|Any CPU.Build.0 = Release|Any CPU
	EndGlobalSection
	GlobalSection(SolutionProperties) = preSolution
		HideSolutionNode = FALSE
	EndGlobalSection
	GlobalSection(ExtensibilityGlobals) = postSolution
		SolutionGuid = {6A0D8BD5-4435-46C4-8BCE-D76B3C5765E7}
	EndGlobalSection
EndGlobal
